
Microsoft Visual Studio Solution File, Format Version 12.00
# Visual Studio Version 16
VisualStudioVersion = 16.0.30128.74
MinimumVisualStudioVersion = 10.0.40219.1
Project("{FAE04EC0-301F-11D3-BF4B-00C04F79EFBC}") = "MVCVSMB Homework", "MVCVSMB Homework\MVCVSMB Homework.csproj", "{ACE798DC-118D-4BC3-A538-A49675011EDC}"
EndProject
Global
	GlobalSection(SolutionConfigurationPlatforms) = preSolution
		Debug|Any CPU = Debug|Any CPU
		Release|Any CPU = Release|Any CPU
	EndGlobalSection
	GlobalSection(ProjectConfigurationPlatforms) = postSolution
		{ACE798DC-118D-4BC3-A538-A49675011EDC}.Debug|Any CPU.ActiveCfg = Debug|Any CPU
		{ACE798DC-118D-4BC3-A538-A49675011EDC}.Debug|Any CPU.Build.0 = Debug|Any CPU
		{ACE798DC-118D-4BC3-A538-A49675011EDC}.Release|Any CPU.ActiveCfg = Release|Any CPU
		{ACE798DC-118D-4BC3-A538-A49675011EDC}.Release|Any CPU.Build.0 = Release|Any CPU
	EndGlobalSection
	GlobalSection(SolutionProperties) = preSolution
		HideSolutionNode = FALSE
	EndGlobalSection
	GlobalSection(ExtensibilityGlobals) = postSolution
		SolutionGuid = {BA6F271C-A61B-4596-B3F1-0CA4D81E1C14}
	EndGlobalSection
EndGlobal
